<?xml version="1.0" encoding="utf-8"?>
<Project ToolsVersion="4.0" xmlns="http://schemas.microsoft.com/developer/msbuild/2003">
  <ItemGroup>
    <Filter Include="源文件">
      <UniqueIdentifier>{4FC737F1-C7A5-4376-A066-2A32D752A2FF}</UniqueIdentifier>
      <Extensions>cpp;c;cc;cxx;def;odl;idl;hpj;bat;asm;asmx</Extensions>
    </Filter>
    <Filter Include="头文件">
      <UniqueIdentifier>{93995380-89BD-4b04-88EB-625FBE52EBFB}</UniqueIdentifier>
      <Extensions>h;hh;hpp;hxx;hm;inl;inc;ipp;xsd</Extensions>
    </Filter>
    <Filter Include="资源文件">
      <UniqueIdentifier>{67DA6AB6-F800-4c08-8B7A-83BB121AAD01}</UniqueIdentifier>
      <Extensions>rc;ico;cur;bmp;dlg;rc2;rct;bin;rgs;gif;jpg;jpeg;jpe;resx;tiff;tif;png;wav;mfcribbon-ms</Extensions>
    </Filter>
    <Filter Include="msgbox">
      <UniqueIdentifier>{a8b7a538-745b-4449-bd1d-1d1f08187341}</UniqueIdentifier>
    </Filter>
    <Filter Include="toast">
      <UniqueIdentifier>{58d06459-bf5d-48b5-b653-9461e77b1773}</UniqueIdentifier>
    </Filter>
    <Filter Include="menu">
      <UniqueIdentifier>{b12ecb80-abc3-46d1-960d-de7aa972379d}</UniqueIdentifier>
    </Filter>
    <Filter Include="modal_wnd">
      <UniqueIdentifier>{92881902-1d31-4623-ac4e-6b01d27d2582}</UniqueIdentifier>
    </Filter>
    <Filter Include="shadow_wnd">
      <UniqueIdentifier>{39703511-f230-45bb-a21b-9748a2709349}</UniqueIdentifier>
    </Filter>
    <Filter Include="windows_manager">
      <UniqueIdentifier>{9cd0028e-cbbc-4078-b80e-b5a7e1e09eb2}</UniqueIdentifier>
    </Filter>
    <Filter Include="cef_control">
      <UniqueIdentifier>{510a5c72-09fb-4840-b95d-6978a740e3ab}</UniqueIdentifier>
    </Filter>
    <Filter Include="cef_control\app">
      <UniqueIdentifier>{4c65db86-4e75-4384-baf3-351c1884e0ef}</UniqueIdentifier>
    </Filter>
    <Filter Include="cef_control\control">
      <UniqueIdentifier>{346fcb8a-bf68-471a-9fdb-0bb3ff142097}</UniqueIdentifier>
    </Filter>
    <Filter Include="cef_control\handler">
      <UniqueIdentifier>{a8ebcd83-ee9d-46d7-9f07-9488db41f056}</UniqueIdentifier>
    </Filter>
    <Filter Include="cef_control\util">
      <UniqueIdentifier>{a0409ff1-be6f-491b-b843-5c59df7967f7}</UniqueIdentifier>
    </Filter>
    <Filter Include="cef_control\manager">
      <UniqueIdentifier>{f2d952a7-0fa0-4aa2-b596-1e5294c94c0b}</UniqueIdentifier>
    </Filter>
    <Filter Include="comboex">
      <UniqueIdentifier>{e6931a54-16d5-4058-8ddd-b2a25d5f8028}</UniqueIdentifier>
    </Filter>
    <Filter Include="cef_control\handler\drag">
      <UniqueIdentifier>{7747b13a-cc8c-4e86-b230-3528a4bb5752}</UniqueIdentifier>
    </Filter>
    <Filter Include="grid">
      <UniqueIdentifier>{6df87217-a234-4ebe-9d68-3682171b1c61}</UniqueIdentifier>
    </Filter>
    <Filter Include="popover">
      <UniqueIdentifier>{9909f163-035f-4861-8cf9-6ba43ac5c02d}</UniqueIdentifier>
    </Filter>
    <Filter Include="mini_blink_control">
      <UniqueIdentifier>{244bf314-260f-4a39-becf-d98b0aacbc40}</UniqueIdentifier>
    </Filter>
  </ItemGroup>
  <ItemGroup>
    <ClInclude Include="stdafx.h">
      <Filter>头文件</Filter>
    </ClInclude>
    <ClInclude Include="targetver.h">
      <Filter>头文件</Filter>
    </ClInclude>
    <ClInclude Include="msgbox\msgbox.h">
      <Filter>msgbox</Filter>
    </ClInclude>
    <ClInclude Include="menu\ui_menu.h">
      <Filter>menu</Filter>
    </ClInclude>
    <ClInclude Include="modal_wnd\async_do_modal.h">
      <Filter>modal_wnd</Filter>
    </ClInclude>
    <ClInclude Include="modal_wnd\async_modal_runner.h">
      <Filter>modal_wnd</Filter>
    </ClInclude>
    <ClInclude Include="modal_wnd\file_dialog_ex.h">
      <Filter>modal_wnd</Filter>
    </ClInclude>
    <ClInclude Include="modal_wnd\modal_wnd_base.h">
      <Filter>modal_wnd</Filter>
    </ClInclude>
    <ClInclude Include="shadow_wnd\shadow_wnd.h">
      <Filter>shadow_wnd</Filter>
    </ClInclude>
    <ClInclude Include="toast\toast.h">
      <Filter>toast</Filter>
    </ClInclude>
    <ClInclude Include="ui_components.h">
      <Filter>头文件</Filter>
    </ClInclude>
    <ClInclude Include="windows_manager\window_ex.h">
      <Filter>windows_manager</Filter>
    </ClInclude>
    <ClInclude Include="windows_manager\windows_manager.h">
      <Filter>windows_manager</Filter>
    </ClInclude>
    <ClInclude Include="cef_control\app\cef_js_bridge.h">
      <Filter>cef_control\app</Filter>
    </ClInclude>
    <ClInclude Include="cef_control\app\client_app.h">
      <Filter>cef_control\app</Filter>
    </ClInclude>
    <ClInclude Include="cef_control\app\ipc_string_define.h">
      <Filter>cef_control\app</Filter>
    </ClInclude>
    <ClInclude Include="cef_control\app\js_handler.h">
      <Filter>cef_control\app</Filter>
    </ClInclude>
    <ClInclude Include="cef_control\control\cef_control.h">
      <Filter>cef_control\control</Filter>
    </ClInclude>
    <ClInclude Include="cef_control\control\cef_control_base.h">
      <Filter>cef_control\control</Filter>
    </ClInclude>
    <ClInclude Include="cef_control\control\cef_control_event.h">
      <Filter>cef_control\control</Filter>
    </ClInclude>
    <ClInclude Include="cef_control\control\cef_native_control.h">
      <Filter>cef_control\control</Filter>
    </ClInclude>
    <ClInclude Include="cef_control\handler\browser_handler.h">
      <Filter>cef_control\handler</Filter>
    </ClInclude>
    <ClInclude Include="cef_control\manager\cef_manager.h">
      <Filter>cef_control\manager</Filter>
    </ClInclude>
    <ClInclude Include="cef_control\util\memory_dc.h">
      <Filter>cef_control\util</Filter>
    </ClInclude>
    <ClInclude Include="cef_control\util\util.h">
      <Filter>cef_control\util</Filter>
    </ClInclude>
    <ClInclude Include="ui_cef_control.h">
      <Filter>头文件</Filter>
    </ClInclude>
    <ClInclude Include="cef_control\util\auto_unregister.h">
      <Filter>cef_control\util</Filter>
    </ClInclude>
    <ClInclude Include="public_define.h">
      <Filter>头文件</Filter>
    </ClInclude>
    <ClInclude Include="comboex\CheckCombo.h">
      <Filter>comboex</Filter>
    </ClInclude>
    <ClInclude Include="cef_control\handler\drag\util_win.h">
      <Filter>cef_control\handler\drag</Filter>
    </ClInclude>
    <ClInclude Include="cef_control\handler\drag\bytes_write_handler.h">
      <Filter>cef_control\handler\drag</Filter>
    </ClInclude>
    <ClInclude Include="cef_control\handler\drag\osr_dragdrop_events.h">
      <Filter>cef_control\handler\drag</Filter>
    </ClInclude>
    <ClInclude Include="cef_control\handler\drag\osr_dragdrop_win.h">
      <Filter>cef_control\handler\drag</Filter>
    </ClInclude>
    <ClInclude Include="grid\Grid.h">
      <Filter>grid</Filter>
    </ClInclude>
    <ClInclude Include="grid\GridBase.h">
      <Filter>grid</Filter>
    </ClInclude>
    <ClInclude Include="grid\GridBody.h">
      <Filter>grid</Filter>
    </ClInclude>
    <ClInclude Include="comboex\FilterCombo.h">
      <Filter>comboex</Filter>
    </ClInclude>
    <ClInclude Include="popover\popover.h">
      <Filter>popover</Filter>
    </ClInclude>
    <ClInclude Include="popover\notification.h">
      <Filter>popover</Filter>
    </ClInclude>
    <ClInclude Include="popover\alert.h">
      <Filter>popover</Filter>
    </ClInclude>
    <ClInclude Include="popover\tooltip.h">
      <Filter>popover</Filter>
    </ClInclude>
    <ClInclude Include="comboex\ShadowCombo.h">
      <Filter>comboex</Filter>
    </ClInclude>
    <ClInclude Include="mini_blink_control\web_view_base.h">
      <Filter>mini_blink_control</Filter>
    </ClInclude>
    <ClInclude Include="mini_blink_control\wke_web_view.h">
      <Filter>mini_blink_control</Filter>
    </ClInclude>
    <ClInclude Include="mini_blink_control\wke_memory_dc.h">
      <Filter>mini_blink_control</Filter>
    </ClInclude>
    <ClInclude Include="mini_blink_control\wke_web_native.h">
      <Filter>mini_blink_control</Filter>
    </ClInclude>
  </ItemGroup>
  <ItemGroup>
    <ClCompile Include="stdafx.cpp">
      <Filter>源文件</Filter>
    </ClCompile>
    <ClCompile Include="msgbox\msgbox.cpp">
      <Filter>msgbox</Filter>
    </ClCompile>
    <ClCompile Include="menu\ui_menu.cpp">
      <Filter>menu</Filter>
    </ClCompile>
    <ClCompile Include="modal_wnd\async_do_modal.cpp">
      <Filter>modal_wnd</Filter>
    </ClCompile>
    <ClCompile Include="modal_wnd\async_modal_runner.cpp">
      <Filter>modal_wnd</Filter>
    </ClCompile>
    <ClCompile Include="modal_wnd\file_dialog_ex.cpp">
      <Filter>modal_wnd</Filter>
    </ClCompile>
    <ClCompile Include="shadow_wnd\shadow_wnd.cpp">
      <Filter>shadow_wnd</Filter>
    </ClCompile>
    <ClCompile Include="toast\toast.cpp">
      <Filter>toast</Filter>
    </ClCompile>
    <ClCompile Include="windows_manager\window_ex.cpp">
      <Filter>windows_manager</Filter>
    </ClCompile>
    <ClCompile Include="windows_manager\windows_manager.cpp">
      <Filter>windows_manager</Filter>
    </ClCompile>
    <ClCompile Include="cef_control\app\cef_js_bridge.cpp">
      <Filter>cef_control\app</Filter>
    </ClCompile>
    <ClCompile Include="cef_control\app\client_app.cpp">
      <Filter>cef_control\app</Filter>
    </ClCompile>
    <ClCompile Include="cef_control\app\client_app_browser.cpp">
      <Filter>cef_control\app</Filter>
    </ClCompile>
    <ClCompile Include="cef_control\app\client_app_render.cpp">
      <Filter>cef_control\app</Filter>
    </ClCompile>
    <ClCompile Include="cef_control\app\js_handler.cpp">
      <Filter>cef_control\app</Filter>
    </ClCompile>
    <ClCompile Include="cef_control\control\cef_control.cpp">
      <Filter>cef_control\control</Filter>
    </ClCompile>
    <ClCompile Include="cef_control\control\cef_control_base.cpp">
      <Filter>cef_control\control</Filter>
    </ClCompile>
    <ClCompile Include="cef_control\control\cef_control_base_ui.cpp">
      <Filter>cef_control\control</Filter>
    </ClCompile>
    <ClCompile Include="cef_control\control\cef_control_ui.cpp">
      <Filter>cef_control\control</Filter>
    </ClCompile>
    <ClCompile Include="cef_control\control\cef_native_control.cpp">
      <Filter>cef_control\control</Filter>
    </ClCompile>
    <ClCompile Include="cef_control\handler\browser_handler.cpp">
      <Filter>cef_control\handler</Filter>
    </ClCompile>
    <ClCompile Include="cef_control\manager\cef_manager.cpp">
      <Filter>cef_control\manager</Filter>
    </ClCompile>
    <ClCompile Include="cef_control\util\memory_dc.cpp">
      <Filter>cef_control\util</Filter>
    </ClCompile>
    <ClCompile Include="comboex\CheckCombo.cpp">
      <Filter>comboex</Filter>
    </ClCompile>
    <ClCompile Include="cef_control\handler\drag\bytes_write_handler.cc">
      <Filter>cef_control\handler\drag</Filter>
    </ClCompile>
    <ClCompile Include="cef_control\handler\drag\osr_dragdrop_win.cc">
      <Filter>cef_control\handler\drag</Filter>
    </ClCompile>
    <ClCompile Include="cef_control\handler\drag\util_win.cc">
      <Filter>cef_control\handler\drag</Filter>
    </ClCompile>
    <ClCompile Include="grid\Grid.cpp">
      <Filter>grid</Filter>
    </ClCompile>
    <ClCompile Include="grid\GridBase.cpp">
      <Filter>grid</Filter>
    </ClCompile>
    <ClCompile Include="grid\GridBody.cpp">
      <Filter>grid</Filter>
    </ClCompile>
    <ClCompile Include="comboex\FilterCombo.cpp">
      <Filter>comboex</Filter>
    </ClCompile>
    <ClCompile Include="popover\popover.cpp">
      <Filter>popover</Filter>
    </ClCompile>
    <ClCompile Include="popover\notification.cpp">
      <Filter>popover</Filter>
    </ClCompile>
    <ClCompile Include="popover\alert.cpp">
      <Filter>popover</Filter>
    </ClCompile>
    <ClCompile Include="popover\tooltip.cpp">
      <Filter>popover</Filter>
    </ClCompile>
    <ClCompile Include="comboex\ShadowCombo.cpp">
      <Filter>comboex</Filter>
    </ClCompile>
    <ClCompile Include="mini_blink_control\web_view_base.cpp">
      <Filter>mini_blink_control</Filter>
    </ClCompile>
    <ClCompile Include="mini_blink_control\wke_web_view.cpp">
      <Filter>mini_blink_control</Filter>
    </ClCompile>
    <ClCompile Include="mini_blink_control\wke_memory_dc.cpp">
      <Filter>mini_blink_control</Filter>
    </ClCompile>
    <ClCompile Include="mini_blink_control\wke_web_native.cpp">
      <Filter>mini_blink_control</Filter>
    </ClCompile>
  </ItemGroup>
</Project>