
Microsoft Visual Studio Solution File, Format Version 12.00
# Visual Studio 2013
VisualStudioVersion = 12.0.40629.0
MinimumVisualStudioVersion = 10.0.40219.1
Project("{2150E333-8FDC-42A3-9474-1A3956D46DE8}") = "examples", "examples", "{B2087994-3DF6-4A57-B8C6-6F744520D7FA}"
EndProject
Project("{8BC9CEB8-8B4A-11D0-8D11-00A0C91BC942}") = "basic", "basic\basic.vcxproj", "{F1A9371F-9A34-45A0-98EB-83FF371F067F}"
EndProject
Project("{8BC9CEB8-8B4A-11D0-8D11-00A0C91BC942}") = "layouts", "layouts\layouts.vcxproj", "{2BFFA1EE-039D-479E-9BCC-2D12F8AEDD16}"
EndProject
Project("{8BC9CEB8-8B4A-11D0-8D11-00A0C91BC942}") = "cef", "cef\cef.vcxproj", "{B8588C07-9CE2-456C-83B1-86E4B65D4108}"
EndProject
Project("{8BC9CEB8-8B4A-11D0-8D11-00A0C91BC942}") = "richlist", "richlist\richlist.vcxproj", "{878F5BF0-652A-4FDB-992B-BB7F26D62F0D}"
EndProject
Project("{8BC9CEB8-8B4A-11D0-8D11-00A0C91BC942}") = "multi_browser", "multi_browser\multi_browser.vcxproj", "{FDB5539F-1060-4975-B603-B66454C8C897}"
EndProject
Project("{2150E333-8FDC-42A3-9474-1A3956D46DE8}") = "third_party", "third_party", "{1DA0A8E2-5832-42FC-83F7-2CDCAD379C90}"
EndProject
Project("{8BC9CEB8-8B4A-11D0-8D11-00A0C91BC942}") = "libcef_dll_wrapper", "..\third_party\cef_wrapper\libcef_dll_wrapper.vcxproj", "{A9D6DC71-C0DC-4549-AEA0-3B15B44E86A9}"
EndProject
Project("{8BC9CEB8-8B4A-11D0-8D11-00A0C91BC942}") = "controls", "controls\controls.vcxproj", "{8BD95440-9000-4745-8011-27DD553EF06F}"
EndProject
Project("{8BC9CEB8-8B4A-11D0-8D11-00A0C91BC942}") = "virtualbox", "VirtualBox\VirtualBox.vcxproj", "{E35589C6-9509-4116-996F-1D045C2DACAE}"
EndProject
Project("{8BC9CEB8-8B4A-11D0-8D11-00A0C91BC942}") = "base", "..\base\base.vcxproj", "{8D9A6595-717A-41C8-B468-0011A72BE3D1}"
EndProject
Project("{8BC9CEB8-8B4A-11D0-8D11-00A0C91BC942}") = "duilib", "..\duilib\duilib.vcxproj", "{E106ACD7-4E53-4AEE-942B-D0DD426DB34E}"
EndProject
Project("{8BC9CEB8-8B4A-11D0-8D11-00A0C91BC942}") = "ui_components", "..\ui_components\ui_components.vcxproj", "{0149BA6E-3C0A-426D-AA0A-0B9EC7742F19}"
EndProject
Global
	GlobalSection(SolutionConfigurationPlatforms) = preSolution
		Debug|Win32 = Debug|Win32
		Debug|x64 = Debug|x64
		Release|Win32 = Release|Win32
		Release|x64 = Release|x64
	EndGlobalSection
	GlobalSection(ProjectConfigurationPlatforms) = postSolution
		{F1A9371F-9A34-45A0-98EB-83FF371F067F}.Debug|Win32.ActiveCfg = Debug|Win32
		{F1A9371F-9A34-45A0-98EB-83FF371F067F}.Debug|Win32.Build.0 = Debug|Win32
		{F1A9371F-9A34-45A0-98EB-83FF371F067F}.Debug|x64.ActiveCfg = Debug|x64
		{F1A9371F-9A34-45A0-98EB-83FF371F067F}.Debug|x64.Build.0 = Debug|x64
		{F1A9371F-9A34-45A0-98EB-83FF371F067F}.Release|Win32.ActiveCfg = Release|Win32
		{F1A9371F-9A34-45A0-98EB-83FF371F067F}.Release|Win32.Build.0 = Release|Win32
		{F1A9371F-9A34-45A0-98EB-83FF371F067F}.Release|x64.ActiveCfg = Release|x64
		{F1A9371F-9A34-45A0-98EB-83FF371F067F}.Release|x64.Build.0 = Release|x64
		{2BFFA1EE-039D-479E-9BCC-2D12F8AEDD16}.Debug|Win32.ActiveCfg = Debug|Win32
		{2BFFA1EE-039D-479E-9BCC-2D12F8AEDD16}.Debug|Win32.Build.0 = Debug|Win32
		{2BFFA1EE-039D-479E-9BCC-2D12F8AEDD16}.Debug|x64.ActiveCfg = Debug|x64
		{2BFFA1EE-039D-479E-9BCC-2D12F8AEDD16}.Debug|x64.Build.0 = Debug|x64
		{2BFFA1EE-039D-479E-9BCC-2D12F8AEDD16}.Release|Win32.ActiveCfg = Release|Win32
		{2BFFA1EE-039D-479E-9BCC-2D12F8AEDD16}.Release|Win32.Build.0 = Release|Win32
		{2BFFA1EE-039D-479E-9BCC-2D12F8AEDD16}.Release|x64.ActiveCfg = Release|x64
		{2BFFA1EE-039D-479E-9BCC-2D12F8AEDD16}.Release|x64.Build.0 = Release|x64
		{B8588C07-9CE2-456C-83B1-86E4B65D4108}.Debug|Win32.ActiveCfg = Debug|Win32
		{B8588C07-9CE2-456C-83B1-86E4B65D4108}.Debug|Win32.Build.0 = Debug|Win32
		{B8588C07-9CE2-456C-83B1-86E4B65D4108}.Debug|x64.ActiveCfg = Debug|x64
		{B8588C07-9CE2-456C-83B1-86E4B65D4108}.Debug|x64.Build.0 = Debug|x64
		{B8588C07-9CE2-456C-83B1-86E4B65D4108}.Release|Win32.ActiveCfg = Release|Win32
		{B8588C07-9CE2-456C-83B1-86E4B65D4108}.Release|Win32.Build.0 = Release|Win32
		{B8588C07-9CE2-456C-83B1-86E4B65D4108}.Release|x64.ActiveCfg = Release|x64
		{B8588C07-9CE2-456C-83B1-86E4B65D4108}.Release|x64.Build.0 = Release|x64
		{878F5BF0-652A-4FDB-992B-BB7F26D62F0D}.Debug|Win32.ActiveCfg = Debug|Win32
		{878F5BF0-652A-4FDB-992B-BB7F26D62F0D}.Debug|Win32.Build.0 = Debug|Win32
		{878F5BF0-652A-4FDB-992B-BB7F26D62F0D}.Debug|x64.ActiveCfg = Debug|x64
		{878F5BF0-652A-4FDB-992B-BB7F26D62F0D}.Debug|x64.Build.0 = Debug|x64
		{878F5BF0-652A-4FDB-992B-BB7F26D62F0D}.Release|Win32.ActiveCfg = Release|Win32
		{878F5BF0-652A-4FDB-992B-BB7F26D62F0D}.Release|Win32.Build.0 = Release|Win32
		{878F5BF0-652A-4FDB-992B-BB7F26D62F0D}.Release|x64.ActiveCfg = Release|x64
		{878F5BF0-652A-4FDB-992B-BB7F26D62F0D}.Release|x64.Build.0 = Release|x64
		{FDB5539F-1060-4975-B603-B66454C8C897}.Debug|Win32.ActiveCfg = Debug|Win32
		{FDB5539F-1060-4975-B603-B66454C8C897}.Debug|Win32.Build.0 = Debug|Win32
		{FDB5539F-1060-4975-B603-B66454C8C897}.Debug|x64.ActiveCfg = Debug|x64
		{FDB5539F-1060-4975-B603-B66454C8C897}.Debug|x64.Build.0 = Debug|x64
		{FDB5539F-1060-4975-B603-B66454C8C897}.Release|Win32.ActiveCfg = Release|Win32
		{FDB5539F-1060-4975-B603-B66454C8C897}.Release|Win32.Build.0 = Release|Win32
		{FDB5539F-1060-4975-B603-B66454C8C897}.Release|x64.ActiveCfg = Release|x64
		{FDB5539F-1060-4975-B603-B66454C8C897}.Release|x64.Build.0 = Release|x64
		{A9D6DC71-C0DC-4549-AEA0-3B15B44E86A9}.Debug|Win32.ActiveCfg = Debug|Win32
		{A9D6DC71-C0DC-4549-AEA0-3B15B44E86A9}.Debug|Win32.Build.0 = Debug|Win32
		{A9D6DC71-C0DC-4549-AEA0-3B15B44E86A9}.Debug|x64.ActiveCfg = Debug|x64
		{A9D6DC71-C0DC-4549-AEA0-3B15B44E86A9}.Debug|x64.Build.0 = Debug|x64
		{A9D6DC71-C0DC-4549-AEA0-3B15B44E86A9}.Release|Win32.ActiveCfg = Release|Win32
		{A9D6DC71-C0DC-4549-AEA0-3B15B44E86A9}.Release|Win32.Build.0 = Release|Win32
		{A9D6DC71-C0DC-4549-AEA0-3B15B44E86A9}.Release|x64.ActiveCfg = Release|x64
		{A9D6DC71-C0DC-4549-AEA0-3B15B44E86A9}.Release|x64.Build.0 = Release|x64
		{8BD95440-9000-4745-8011-27DD553EF06F}.Debug|Win32.ActiveCfg = Debug|Win32
		{8BD95440-9000-4745-8011-27DD553EF06F}.Debug|Win32.Build.0 = Debug|Win32
		{8BD95440-9000-4745-8011-27DD553EF06F}.Debug|x64.ActiveCfg = Debug|x64
		{8BD95440-9000-4745-8011-27DD553EF06F}.Debug|x64.Build.0 = Debug|x64
		{8BD95440-9000-4745-8011-27DD553EF06F}.Release|Win32.ActiveCfg = Release|Win32
		{8BD95440-9000-4745-8011-27DD553EF06F}.Release|Win32.Build.0 = Release|Win32
		{8BD95440-9000-4745-8011-27DD553EF06F}.Release|x64.ActiveCfg = Release|x64
		{8BD95440-9000-4745-8011-27DD553EF06F}.Release|x64.Build.0 = Release|x64
		{E35589C6-9509-4116-996F-1D045C2DACAE}.Debug|Win32.ActiveCfg = Debug|Win32
		{E35589C6-9509-4116-996F-1D045C2DACAE}.Debug|Win32.Build.0 = Debug|Win32
		{E35589C6-9509-4116-996F-1D045C2DACAE}.Debug|x64.ActiveCfg = Debug|Win32
		{E35589C6-9509-4116-996F-1D045C2DACAE}.Release|Win32.ActiveCfg = Release|Win32
		{E35589C6-9509-4116-996F-1D045C2DACAE}.Release|Win32.Build.0 = Release|Win32
		{E35589C6-9509-4116-996F-1D045C2DACAE}.Release|x64.ActiveCfg = Release|Win32
		{8D9A6595-717A-41C8-B468-0011A72BE3D1}.Debug|Win32.ActiveCfg = Debug|Win32
		{8D9A6595-717A-41C8-B468-0011A72BE3D1}.Debug|Win32.Build.0 = Debug|Win32
		{8D9A6595-717A-41C8-B468-0011A72BE3D1}.Debug|x64.ActiveCfg = Debug|x64
		{8D9A6595-717A-41C8-B468-0011A72BE3D1}.Debug|x64.Build.0 = Debug|x64
		{8D9A6595-717A-41C8-B468-0011A72BE3D1}.Release|Win32.ActiveCfg = Release|Win32
		{8D9A6595-717A-41C8-B468-0011A72BE3D1}.Release|Win32.Build.0 = Release|Win32
		{8D9A6595-717A-41C8-B468-0011A72BE3D1}.Release|x64.ActiveCfg = Release|x64
		{8D9A6595-717A-41C8-B468-0011A72BE3D1}.Release|x64.Build.0 = Release|x64
		{E106ACD7-4E53-4AEE-942B-D0DD426DB34E}.Debug|Win32.ActiveCfg = Debug|Win32
		{E106ACD7-4E53-4AEE-942B-D0DD426DB34E}.Debug|Win32.Build.0 = Debug|Win32
		{E106ACD7-4E53-4AEE-942B-D0DD426DB34E}.Debug|x64.ActiveCfg = Debug|x64
		{E106ACD7-4E53-4AEE-942B-D0DD426DB34E}.Debug|x64.Build.0 = Debug|x64
		{E106ACD7-4E53-4AEE-942B-D0DD426DB34E}.Release|Win32.ActiveCfg = Release|Win32
		{E106ACD7-4E53-4AEE-942B-D0DD426DB34E}.Release|Win32.Build.0 = Release|Win32
		{E106ACD7-4E53-4AEE-942B-D0DD426DB34E}.Release|x64.ActiveCfg = Release|x64
		{E106ACD7-4E53-4AEE-942B-D0DD426DB34E}.Release|x64.Build.0 = Release|x64
		{0149BA6E-3C0A-426D-AA0A-0B9EC7742F19}.Debug|Win32.ActiveCfg = Debug|Win32
		{0149BA6E-3C0A-426D-AA0A-0B9EC7742F19}.Debug|Win32.Build.0 = Debug|Win32
		{0149BA6E-3C0A-426D-AA0A-0B9EC7742F19}.Debug|x64.ActiveCfg = Debug|x64
		{0149BA6E-3C0A-426D-AA0A-0B9EC7742F19}.Debug|x64.Build.0 = Debug|x64
		{0149BA6E-3C0A-426D-AA0A-0B9EC7742F19}.Release|Win32.ActiveCfg = Release|Win32
		{0149BA6E-3C0A-426D-AA0A-0B9EC7742F19}.Release|Win32.Build.0 = Release|Win32
		{0149BA6E-3C0A-426D-AA0A-0B9EC7742F19}.Release|x64.ActiveCfg = Release|x64
		{0149BA6E-3C0A-426D-AA0A-0B9EC7742F19}.Release|x64.Build.0 = Release|x64
	EndGlobalSection
	GlobalSection(SolutionProperties) = preSolution
		HideSolutionNode = FALSE
	EndGlobalSection
	GlobalSection(NestedProjects) = preSolution
		{F1A9371F-9A34-45A0-98EB-83FF371F067F} = {B2087994-3DF6-4A57-B8C6-6F744520D7FA}
		{2BFFA1EE-039D-479E-9BCC-2D12F8AEDD16} = {B2087994-3DF6-4A57-B8C6-6F744520D7FA}
		{B8588C07-9CE2-456C-83B1-86E4B65D4108} = {B2087994-3DF6-4A57-B8C6-6F744520D7FA}
		{878F5BF0-652A-4FDB-992B-BB7F26D62F0D} = {B2087994-3DF6-4A57-B8C6-6F744520D7FA}
		{FDB5539F-1060-4975-B603-B66454C8C897} = {B2087994-3DF6-4A57-B8C6-6F744520D7FA}
		{A9D6DC71-C0DC-4549-AEA0-3B15B44E86A9} = {1DA0A8E2-5832-42FC-83F7-2CDCAD379C90}
		{8BD95440-9000-4745-8011-27DD553EF06F} = {B2087994-3DF6-4A57-B8C6-6F744520D7FA}
		{E35589C6-9509-4116-996F-1D045C2DACAE} = {B2087994-3DF6-4A57-B8C6-6F744520D7FA}
	EndGlobalSection
	GlobalSection(ExtensibilityGlobals) = postSolution
		SolutionGuid = {68CA0970-4242-4E4F-94D2-C19760FCA05D}
	EndGlobalSection
EndGlobal
