<?xml version="1.0" encoding="utf-8"?>
<Project ToolsVersion="4.0" xmlns="http://schemas.microsoft.com/developer/msbuild/2003">
  <ItemGroup>
    <Filter Include="Source Files">
      <UniqueIdentifier>{8fc45193-00aa-405d-8445-6f6619d94834}</UniqueIdentifier>
      <Extensions>cpp;c;cxx;rc;def;r;odl;idl;hpj;bat</Extensions>
    </Filter>
    <Filter Include="Source Files\Utils">
      <UniqueIdentifier>{b7a95a7b-1188-487e-b75b-a6e6fe6055f7}</UniqueIdentifier>
    </Filter>
    <Filter Include="Source Files\Core">
      <UniqueIdentifier>{ef45879d-87a5-4d7f-9a92-fdf97778b304}</UniqueIdentifier>
    </Filter>
    <Filter Include="Source Files\Control">
      <UniqueIdentifier>{f70f6171-d9fd-4189-b1d7-5250e2d6f0fd}</UniqueIdentifier>
    </Filter>
    <Filter Include="Header Files">
      <UniqueIdentifier>{b7a7aeb7-2adb-4395-b80d-4922bd4efc19}</UniqueIdentifier>
      <Extensions>h;hpp;hxx;hm;inl</Extensions>
    </Filter>
    <Filter Include="Header Files\Utils">
      <UniqueIdentifier>{3472fe0b-1976-4ada-9c67-2f07b06068d2}</UniqueIdentifier>
    </Filter>
    <Filter Include="Header Files\Core">
      <UniqueIdentifier>{1a8a45f1-b601-4178-b118-b282f71c4dec}</UniqueIdentifier>
    </Filter>
    <Filter Include="Header Files\Control">
      <UniqueIdentifier>{6eb00376-1e2b-4faf-9eaa-bdc915049307}</UniqueIdentifier>
    </Filter>
    <Filter Include="Header Files\Box">
      <UniqueIdentifier>{38a8cc27-53b9-4413-8919-ae7448229ad2}</UniqueIdentifier>
    </Filter>
    <Filter Include="Source Files\Box">
      <UniqueIdentifier>{101719c8-36d9-454c-be9a-d0f158cf21b4}</UniqueIdentifier>
    </Filter>
    <Filter Include="Header Files\Animation">
      <UniqueIdentifier>{4f978102-2279-42b9-ab99-8a719e9fdf53}</UniqueIdentifier>
    </Filter>
    <Filter Include="Source Files\Animation">
      <UniqueIdentifier>{2069d257-49fd-4283-9999-19e7dda732c8}</UniqueIdentifier>
    </Filter>
    <Filter Include="Header Files\Render">
      <UniqueIdentifier>{ab59d168-e65b-4cf4-aff6-a2a07e35d058}</UniqueIdentifier>
    </Filter>
    <Filter Include="Source Files\Render">
      <UniqueIdentifier>{93308611-e7ba-4331-845a-700f5b457c52}</UniqueIdentifier>
    </Filter>
    <Filter Include="Header Files\Automation">
      <UniqueIdentifier>{7552f3c2-e541-4000-bc12-99ca026b84c7}</UniqueIdentifier>
    </Filter>
    <Filter Include="Source Files\Automation">
      <UniqueIdentifier>{1cb1a7d9-ddb1-4be4-9bc7-d5bc29a72da6}</UniqueIdentifier>
    </Filter>
  </ItemGroup>
  <ItemGroup>
    <ClCompile Include="StdAfx.cpp">
      <Filter>Source Files</Filter>
    </ClCompile>
    <ClCompile Include="UIlib.cpp">
      <Filter>Source Files</Filter>
    </ClCompile>
    <ClCompile Include="Utils\MultiLangSupport.cpp">
      <Filter>Source Files\Utils</Filter>
    </ClCompile>
    <ClCompile Include="Control\Combo.cpp">
      <Filter>Source Files\Control</Filter>
    </ClCompile>
    <ClCompile Include="Control\List.cpp">
      <Filter>Source Files\Control</Filter>
    </ClCompile>
    <ClCompile Include="Control\Progress.cpp">
      <Filter>Source Files\Control</Filter>
    </ClCompile>
    <ClCompile Include="Control\RichEdit.cpp">
      <Filter>Source Files\Control</Filter>
    </ClCompile>
    <ClCompile Include="Control\ScrollBar.cpp">
      <Filter>Source Files\Control</Filter>
    </ClCompile>
    <ClCompile Include="Control\Slider.cpp">
      <Filter>Source Files\Control</Filter>
    </ClCompile>
    <ClCompile Include="Control\TreeView.cpp">
      <Filter>Source Files\Control</Filter>
    </ClCompile>
    <ClCompile Include="Core\Control.cpp">
      <Filter>Source Files\Core</Filter>
    </ClCompile>
    <ClCompile Include="Core\Markup.cpp">
      <Filter>Source Files\Core</Filter>
    </ClCompile>
    <ClCompile Include="Utils\StringUtil.cpp">
      <Filter>Source Files\Utils</Filter>
    </ClCompile>
    <ClCompile Include="Core\Box.cpp">
      <Filter>Source Files\Core</Filter>
    </ClCompile>
    <ClCompile Include="Core\WindowBuilder.cpp">
      <Filter>Source Files\Core</Filter>
    </ClCompile>
    <ClCompile Include="Core\Window.cpp">
      <Filter>Source Files\Core</Filter>
    </ClCompile>
    <ClCompile Include="Box\ChildBox.cpp">
      <Filter>Source Files\Box</Filter>
    </ClCompile>
    <ClCompile Include="Box\HBox.cpp">
      <Filter>Source Files\Box</Filter>
    </ClCompile>
    <ClCompile Include="Box\TabBox.cpp">
      <Filter>Source Files\Box</Filter>
    </ClCompile>
    <ClCompile Include="Box\TileBox.cpp">
      <Filter>Source Files\Box</Filter>
    </ClCompile>
    <ClCompile Include="Box\VBox.cpp">
      <Filter>Source Files\Box</Filter>
    </ClCompile>
    <ClCompile Include="Utils\WinImplBase.cpp">
      <Filter>Source Files\Utils</Filter>
    </ClCompile>
    <ClCompile Include="Animation\AnimationPlayer.cpp">
      <Filter>Source Files\Animation</Filter>
    </ClCompile>
    <ClCompile Include="Core\GlobalManager.cpp">
      <Filter>Source Files\Core</Filter>
    </ClCompile>
    <ClCompile Include="Utils\TimerManager.cpp">
      <Filter>Source Files\Utils</Filter>
    </ClCompile>
    <ClCompile Include="Core\Placeholder.cpp">
      <Filter>Source Files\Core</Filter>
    </ClCompile>
    <ClCompile Include="Animation\AnimationManager.cpp">
      <Filter>Source Files\Animation</Filter>
    </ClCompile>
    <ClCompile Include="Utils\DpiManager.cpp">
      <Filter>Source Files\Utils</Filter>
    </ClCompile>
    <ClCompile Include="Core\Define.cpp">
      <Filter>Source Files\Core</Filter>
    </ClCompile>
    <ClCompile Include="Utils\Shadow.cpp">
      <Filter>Source Files\Utils</Filter>
    </ClCompile>
    <ClCompile Include="Control\VirtualListBox.cpp">
      <Filter>Source Files\Control</Filter>
    </ClCompile>
    <ClCompile Include="Utils\ApiWrapper.cpp">
      <Filter>Source Files\Utils</Filter>
    </ClCompile>
    <ClCompile Include="Render\Render.cpp">
      <Filter>Source Files\Render</Filter>
    </ClCompile>
    <ClCompile Include="Render\Clip.cpp">
      <Filter>Source Files\Render</Filter>
    </ClCompile>
    <ClCompile Include="Render\IRender.cpp">
      <Filter>Source Files\Render</Filter>
    </ClCompile>
    <ClCompile Include="Render\Bitmap.cpp">
      <Filter>Source Files\Render</Filter>
    </ClCompile>
    <ClCompile Include="Utils\OnScreenKeyboardManager.cpp">
      <Filter>Source Files\Utils</Filter>
    </ClCompile>
    <ClCompile Include="Render\Brush.cpp">
      <Filter>Source Files\Render</Filter>
    </ClCompile>
    <ClCompile Include="Render\Factory.cpp">
      <Filter>Source Files\Render</Filter>
    </ClCompile>
    <ClCompile Include="Render\Path.cpp">
      <Filter>Source Files\Render</Filter>
    </ClCompile>
    <ClCompile Include="Render\Pen.cpp">
      <Filter>Source Files\Render</Filter>
    </ClCompile>
    <ClCompile Include="Render\Matrix.cpp">
      <Filter>Source Files\Render</Filter>
    </ClCompile>
    <ClCompile Include="Utils\FontManager.cpp">
      <Filter>Source Files\Utils</Filter>
    </ClCompile>
    <ClCompile Include="Control\Menu.cpp">
      <Filter>Source Files\Control</Filter>
    </ClCompile>
    <ClCompile Include="Control\CircleProgress.cpp">
      <Filter>Source Files\Control</Filter>
    </ClCompile>
    <ClCompile Include="Utils\UnZip.cpp">
      <Filter>Source Files\Utils</Filter>
    </ClCompile>
    <ClCompile Include="Utils\SvgUtil.cpp">
      <Filter>Source Files\Utils</Filter>
    </ClCompile>
    <ClCompile Include="Core\Image.cpp">
      <Filter>Source Files\Core</Filter>
    </ClCompile>
    <ClCompile Include="Automation\UIAControlProvider.cpp">
      <Filter>Source Files\Automation</Filter>
    </ClCompile>
    <ClCompile Include="Automation\UIAWindowProvider.cpp">
      <Filter>Source Files\Automation</Filter>
    </ClCompile>
    <ClCompile Include="Automation\UIABoxProvider.cpp">
      <Filter>Source Files\Automation</Filter>
    </ClCompile>
    <ClCompile Include="Automation\UIALabelProvider.cpp">
      <Filter>Source Files\Automation</Filter>
    </ClCompile>
    <ClCompile Include="Automation\UIACheckBoxProvider.cpp">
      <Filter>Source Files\Automation</Filter>
    </ClCompile>
    <ClCompile Include="Automation\UIAProgressProvider.cpp">
      <Filter>Source Files\Automation</Filter>
    </ClCompile>
    <ClCompile Include="Automation\UIAButtonProvider.cpp">
      <Filter>Source Files\Automation</Filter>
    </ClCompile>
    <ClCompile Include="Automation\UIARichEditProvider.cpp">
      <Filter>Source Files\Automation</Filter>
    </ClCompile>
    <ClCompile Include="Automation\UIAComboBoxProvider.cpp">
      <Filter>Source Files\Automation</Filter>
    </ClCompile>
    <ClCompile Include="Automation\UIATreeNodeProvider.cpp">
      <Filter>Source Files\Automation</Filter>
    </ClCompile>
    <ClCompile Include="Automation\UIAScrollBarProvider.cpp">
      <Filter>Source Files\Automation</Filter>
    </ClCompile>
    <ClCompile Include="Automation\UIAScrollableBoxProvider.cpp">
      <Filter>Source Files\Automation</Filter>
    </ClCompile>
    <ClCompile Include="Automation\UIAListBoxProvider.cpp">
      <Filter>Source Files\Automation</Filter>
    </ClCompile>
    <ClCompile Include="Automation\UIAListBoxItemProvider.cpp">
      <Filter>Source Files\Automation</Filter>
    </ClCompile>
    <ClCompile Include="Control\VirtualTileBox.cpp">
      <Filter>Source Files</Filter>
    </ClCompile>
    <ClCompile Include="Utils\BoxShadow.cpp">
      <Filter>Source Files\Utils</Filter>
    </ClCompile>
    <ClCompile Include="Utils\GdiHepler.cpp">
      <Filter>Source Files\Utils</Filter>
    </ClCompile>
  </ItemGroup>
  <ItemGroup>
    <ClInclude Include="StdAfx.h">
      <Filter>Header Files</Filter>
    </ClInclude>
    <ClInclude Include="UIlib.h">
      <Filter>Header Files</Filter>
    </ClInclude>
    <ClInclude Include="Utils\Utils.h">
      <Filter>Header Files\Utils</Filter>
    </ClInclude>
    <ClInclude Include="Utils\WinImplBase.h">
      <Filter>Header Files\Utils</Filter>
    </ClInclude>
    <ClInclude Include="Utils\MultiLangSupport.h">
      <Filter>Header Files\Utils</Filter>
    </ClInclude>
    <ClInclude Include="Control\Button.h">
      <Filter>Header Files\Control</Filter>
    </ClInclude>
    <ClInclude Include="Control\CheckBox.h">
      <Filter>Header Files\Control</Filter>
    </ClInclude>
    <ClInclude Include="Control\Combo.h">
      <Filter>Header Files\Control</Filter>
    </ClInclude>
    <ClInclude Include="Control\Label.h">
      <Filter>Header Files\Control</Filter>
    </ClInclude>
    <ClInclude Include="Control\List.h">
      <Filter>Header Files\Control</Filter>
    </ClInclude>
    <ClInclude Include="Control\Option.h">
      <Filter>Header Files\Control</Filter>
    </ClInclude>
    <ClInclude Include="Control\Progress.h">
      <Filter>Header Files\Control</Filter>
    </ClInclude>
    <ClInclude Include="Control\RichEdit.h">
      <Filter>Header Files\Control</Filter>
    </ClInclude>
    <ClInclude Include="Control\ScrollBar.h">
      <Filter>Header Files\Control</Filter>
    </ClInclude>
    <ClInclude Include="Control\Slider.h">
      <Filter>Header Files\Control</Filter>
    </ClInclude>
    <ClInclude Include="Control\TreeView.h">
      <Filter>Header Files\Control</Filter>
    </ClInclude>
    <ClInclude Include="Core\Control.h">
      <Filter>Header Files\Core</Filter>
    </ClInclude>
    <ClInclude Include="Core\Define.h">
      <Filter>Header Files\Core</Filter>
    </ClInclude>
    <ClInclude Include="Core\Markup.h">
      <Filter>Header Files\Core</Filter>
    </ClInclude>
    <ClInclude Include="Utils\StringUtil.h">
      <Filter>Header Files\Utils</Filter>
    </ClInclude>
    <ClInclude Include="Utils\Delegate.h">
      <Filter>Header Files\Utils</Filter>
    </ClInclude>
    <ClInclude Include="Core\Box.h">
      <Filter>Header Files\Core</Filter>
    </ClInclude>
    <ClInclude Include="Core\WindowBuilder.h">
      <Filter>Header Files\Core</Filter>
    </ClInclude>
    <ClInclude Include="Core\Window.h">
      <Filter>Header Files\Core</Filter>
    </ClInclude>
    <ClInclude Include="Box\ChildBox.h">
      <Filter>Header Files\Box</Filter>
    </ClInclude>
    <ClInclude Include="Box\HBox.h">
      <Filter>Header Files\Box</Filter>
    </ClInclude>
    <ClInclude Include="Box\TabBox.h">
      <Filter>Header Files\Box</Filter>
    </ClInclude>
    <ClInclude Include="Box\TileBox.h">
      <Filter>Header Files\Box</Filter>
    </ClInclude>
    <ClInclude Include="Box\VBox.h">
      <Filter>Header Files\Box</Filter>
    </ClInclude>
    <ClInclude Include="Animation\AnimationPlayer.h">
      <Filter>Header Files\Animation</Filter>
    </ClInclude>
    <ClInclude Include="Core\GlobalManager.h">
      <Filter>Header Files\Core</Filter>
    </ClInclude>
    <ClInclude Include="Utils\TimerManager.h">
      <Filter>Header Files\Utils</Filter>
    </ClInclude>
    <ClInclude Include="Core\Placeholder.h">
      <Filter>Header Files\Core</Filter>
    </ClInclude>
    <ClInclude Include="Animation\AnimationManager.h">
      <Filter>Header Files\Animation</Filter>
    </ClInclude>
    <ClInclude Include="Utils\Macros.h">
      <Filter>Header Files\Utils</Filter>
    </ClInclude>
    <ClInclude Include="Utils\DpiManager.h">
      <Filter>Header Files\Utils</Filter>
    </ClInclude>
    <ClInclude Include="Utils\VersionHelpers.h">
      <Filter>Header Files\Utils</Filter>
    </ClInclude>
    <ClInclude Include="Utils\Shadow.h">
      <Filter>Header Files\Utils</Filter>
    </ClInclude>
    <ClInclude Include="Control\VirtualListBox.h">
      <Filter>Header Files\Control</Filter>
    </ClInclude>
    <ClInclude Include="Utils\ApiWrapper.h">
      <Filter>Header Files\Utils</Filter>
    </ClInclude>
    <ClInclude Include="Render\Render.h">
      <Filter>Header Files\Render</Filter>
    </ClInclude>
    <ClInclude Include="Render\IRender.h">
      <Filter>Header Files\Render</Filter>
    </ClInclude>
    <ClInclude Include="Render\Clip.h">
      <Filter>Header Files\Render</Filter>
    </ClInclude>
    <ClInclude Include="Render\Bitmap.h">
      <Filter>Header Files\Render</Filter>
    </ClInclude>
    <ClInclude Include="Utils\OnScreenKeyboardManager.h">
      <Filter>Header Files\Utils</Filter>
    </ClInclude>
    <ClInclude Include="Render\Brush.h">
      <Filter>Header Files\Render</Filter>
    </ClInclude>
    <ClInclude Include="Render\Factory.h">
      <Filter>Header Files\Render</Filter>
    </ClInclude>
    <ClInclude Include="Render\Path.h">
      <Filter>Header Files\Render</Filter>
    </ClInclude>
    <ClInclude Include="Render\Pen.h">
      <Filter>Header Files\Render</Filter>
    </ClInclude>
    <ClInclude Include="Render\Matrix.h">
      <Filter>Header Files\Render</Filter>
    </ClInclude>
    <ClInclude Include="Utils\FontManager.h">
      <Filter>Header Files\Utils</Filter>
    </ClInclude>
    <ClInclude Include="Control\CircleProgress.h">
      <Filter>Header Files\Control</Filter>
    </ClInclude>
    <ClInclude Include="Control\Menu.h">
      <Filter>Header Files\Control</Filter>
    </ClInclude>
    <ClInclude Include="Utils\UnZip.h">
      <Filter>Header Files\Utils</Filter>
    </ClInclude>
    <ClInclude Include="Utils\SvgUtil.h">
      <Filter>Header Files\Utils</Filter>
    </ClInclude>
    <ClInclude Include="Core\Image.h">
      <Filter>Header Files\Core</Filter>
    </ClInclude>
    <ClInclude Include="Automation\UIAControlProvider.h">
      <Filter>Header Files\Automation</Filter>
    </ClInclude>
    <ClInclude Include="Automation\UIAWindowProvider.h">
      <Filter>Header Files\Automation</Filter>
    </ClInclude>
    <ClInclude Include="Automation\UIABoxProvider.h">
      <Filter>Header Files\Automation</Filter>
    </ClInclude>
    <ClInclude Include="Automation\UIALabelProvider.h">
      <Filter>Header Files\Automation</Filter>
    </ClInclude>
    <ClInclude Include="Automation\UIACheckBoxProvider.h">
      <Filter>Header Files\Automation</Filter>
    </ClInclude>
    <ClInclude Include="Automation\UIAProgressProvider.h">
      <Filter>Header Files\Automation</Filter>
    </ClInclude>
    <ClInclude Include="Automation\UIAButtonProvider.h">
      <Filter>Header Files\Automation</Filter>
    </ClInclude>
    <ClInclude Include="Automation\UIARichEditProvider.h">
      <Filter>Header Files\Automation</Filter>
    </ClInclude>
    <ClInclude Include="Automation\UIAComboBoxProvider.h">
      <Filter>Header Files\Automation</Filter>
    </ClInclude>
    <ClInclude Include="Automation\UIATreeNodeProvider.h">
      <Filter>Header Files\Automation</Filter>
    </ClInclude>
    <ClInclude Include="Automation\UIAScrollBarProvider.h">
      <Filter>Header Files\Automation</Filter>
    </ClInclude>
    <ClInclude Include="Automation\UIAScrollableBoxProvider.h">
      <Filter>Header Files\Automation</Filter>
    </ClInclude>
    <ClInclude Include="Automation\UIAListBoxProvider.h">
      <Filter>Header Files\Automation</Filter>
    </ClInclude>
    <ClInclude Include="Automation\UIAListBoxItemProvider.h">
      <Filter>Header Files\Automation</Filter>
    </ClInclude>
    <ClInclude Include="Control\VirtualTileBox.h">
      <Filter>Header Files</Filter>
    </ClInclude>
    <ClInclude Include="Utils\BoxShadow.h">
      <Filter>Header Files\Utils</Filter>
    </ClInclude>
    <ClInclude Include="Utils\GdiHepler.h">
      <Filter>Header Files\Utils</Filter>
    </ClInclude>
  </ItemGroup>
</Project>